
Microsoft Visual Studio Solution File, Format Version 12.00
# Visual Studio Version 16
VisualStudioVersion = 16.0.31005.135
MinimumVisualStudioVersion = 10.0.40219.1
Project("{9A19103F-16F7-4668-BE54-9A1E7A4F7556}") = "Q-LESS Transport", "Q-LESS Transport\Q-LESS Transport.csproj", "{467EF137-E7F8-445A-AA4C-A9AC78C11BFC}"
EndProject
Project("{FAE04EC0-301F-11D3-BF4B-00C04F79EFBC}") = "Q-LESS_Transport.ClientApp", "Q-LESS_Transport.ClientApp\Q-LESS_Transport.ClientApp.csproj", "{2DACFF66-9B9D-4A62-A19B-62A22E8019D5}"
EndProject
Global
	GlobalSection(SolutionConfigurationPlatforms) = preSolution
		Debug|Any CPU = Debug|Any CPU
		Release|Any CPU = Release|Any CPU
	EndGlobalSection
	GlobalSection(ProjectConfigurationPlatforms) = postSolution
		{467EF137-E7F8-445A-AA4C-A9AC78C11BFC}.Debug|Any CPU.ActiveCfg = Debug|Any CPU
		{467EF137-E7F8-445A-AA4C-A9AC78C11BFC}.Debug|Any CPU.Build.0 = Debug|Any CPU
		{467EF137-E7F8-445A-AA4C-A9AC78C11BFC}.Release|Any CPU.ActiveCfg = Release|Any CPU
		{467EF137-E7F8-445A-AA4C-A9AC78C11BFC}.Release|Any CPU.Build.0 = Release|Any CPU
		{2DACFF66-9B9D-4A62-A19B-62A22E8019D5}.Debug|Any CPU.ActiveCfg = Debug|Any CPU
		{2DACFF66-9B9D-4A62-A19B-62A22E8019D5}.Debug|Any CPU.Build.0 = Debug|Any CPU
		{2DACFF66-9B9D-4A62-A19B-62A22E8019D5}.Release|Any CPU.ActiveCfg = Release|Any CPU
		{2DACFF66-9B9D-4A62-A19B-62A22E8019D5}.Release|Any CPU.Build.0 = Release|Any CPU
	EndGlobalSection
	GlobalSection(SolutionProperties) = preSolution
		HideSolutionNode = FALSE
	EndGlobalSection
	GlobalSection(ExtensibilityGlobals) = postSolution
		SolutionGuid = {47D55B08-DB88-444F-9E75-A40FBF48F707}
	EndGlobalSection
EndGlobal
